// !$*UTF8*$!
{
	archiveVersion = 1;
	classes = {
	};
	objectVersion = 50;
	objects = {

/* Begin PBXBuildFile section */
		D6E993E120EFA89900290B15 /* AppDelegate.swift in Sources */ = {isa = PBXBuildFile; fileRef = D6E993E020EFA89900290B15 /* AppDelegate.swift */; };
		D6E993E320EFA89900290B15 /* MasterViewController.swift in Sources */ = {isa = PBXBuildFile; fileRef = D6E993E220EFA89900290B15 /* MasterViewController.swift */; };
		D6E993E520EFA89A00290B15 /* DetailViewController.swift in Sources */ = {isa = PBXBuildFile; fileRef = D6E993E420EFA89900290B15 /* DetailViewController.swift */; };
		D6E993E820EFA89A00290B15 /* Main.storyboard in Resources */ = {isa = PBXBuildFile; fileRef = D6E993E620EFA89A00290B15 /* Main.storyboard */; };
		D6E993EA20EFA89A00290B15 /* Assets.xcassets in Resources */ = {isa = PBXBuildFile; fileRef = D6E993E920EFA89A00290B15 /* Assets.xcassets */; };
		D6E993ED20EFA89A00290B15 /* LaunchScreen.storyboard in Resources */ = {isa = PBXBuildFile; fileRef = D6E993EB20EFA89A00290B15 /* LaunchScreen.storyboard */; };
		D6E993F820EFA89B00290B15 /* RedditClientTests.swift in Sources */ = {isa = PBXBuildFile; fileRef = D6E993F720EFA89B00290B15 /* RedditClientTests.swift */; };
		D6E9940720EFAC0900290B15 /* ArticleTableViewCell.swift in Sources */ = {isa = PBXBuildFile; fileRef = D6E9940620EFAC0900290B15 /* ArticleTableViewCell.swift */; };
		D6E9940920EFB38700290B15 /* ArticleModel.swift in Sources */ = {isa = PBXBuildFile; fileRef = D6E9940820EFB38700290B15 /* ArticleModel.swift */; };
		D6E9940B20EFB3BE00290B15 /* ArticlesAPI.swift in Sources */ = {isa = PBXBuildFile; fileRef = D6E9940A20EFB3BE00290B15 /* ArticlesAPI.swift */; };
		D6E9940D20EFB40900290B15 /* ArticlesController.swift in Sources */ = {isa = PBXBuildFile; fileRef = D6E9940C20EFB40900290B15 /* ArticlesController.swift */; };
/* End PBXBuildFile section */

/* Begin PBXContainerItemProxy section */
		D6E993F420EFA89B00290B15 /* PBXContainerItemProxy */ = {
			isa = PBXContainerItemProxy;
			containerPortal = D6E993D520EFA89900290B15 /* Project object */;
			proxyType = 1;
			remoteGlobalIDString = D6E993DC20EFA89900290B15;
			remoteInfo = RedditClient;
		};
/* End PBXContainerItemProxy section */

/* Begin PBXFileReference section */
		D6E993DD20EFA89900290B15 /* RedditClient.app */ = {isa = PBXFileReference; explicitFileType = wrapper.application; includeInIndex = 0; path = RedditClient.app; sourceTree = BUILT_PRODUCTS_DIR; };
		D6E993E020EFA89900290B15 /* AppDelegate.swift */ = {isa = PBXFileReference; lastKnownFileType = sourcecode.swift; path = AppDelegate.swift; sourceTree = "<group>"; };
		D6E993E220EFA89900290B15 /* MasterViewController.swift */ = {isa = PBXFileReference; lastKnownFileType = sourcecode.swift; path = MasterViewController.swift; sourceTree = "<group>"; };
		D6E993E420EFA89900290B15 /* DetailViewController.swift */ = {isa = PBXFileReference; lastKnownFileType = sourcecode.swift; path = DetailViewController.swift; sourceTree = "<group>"; };
		D6E993E720EFA89A00290B15 /* Base */ = {isa = PBXFileReference; lastKnownFileType = file.storyboard; name = Base; path = Base.lproj/Main.storyboard; sourceTree = "<group>"; };
		D6E993E920EFA89A00290B15 /* Assets.xcassets */ = {isa = PBXFileReference; lastKnownFileType = folder.assetcatalog; path = Assets.xcassets; sourceTree = "<group>"; };
		D6E993EC20EFA89A00290B15 /* Base */ = {isa = PBXFileReference; lastKnownFileType = file.storyboard; name = Base; path = Base.lproj/LaunchScreen.storyboard; sourceTree = "<group>"; };
		D6E993EE20EFA89A00290B15 /* Info.plist */ = {isa = PBXFileReference; lastKnownFileType = text.plist.xml; path = Info.plist; sourceTree = "<group>"; };
		D6E993F320EFA89B00290B15 /* RedditClientTests.xctest */ = {isa = PBXFileReference; explicitFileType = wrapper.cfbundle; includeInIndex = 0; path = RedditClientTests.xctest; sourceTree = BUILT_PRODUCTS_DIR; };
		D6E993F720EFA89B00290B15 /* RedditClientTests.swift */ = {isa = PBXFileReference; lastKnownFileType = sourcecode.swift; path = RedditClientTests.swift; sourceTree = "<group>"; };
		D6E993F920EFA89B00290B15 /* Info.plist */ = {isa = PBXFileReference; lastKnownFileType = text.plist.xml; path = Info.plist; sourceTree = "<group>"; };
		D6E9940620EFAC0900290B15 /* ArticleTableViewCell.swift */ = {isa = PBXFileReference; lastKnownFileType = sourcecode.swift; path = ArticleTableViewCell.swift; sourceTree = "<group>"; };
		D6E9940820EFB38700290B15 /* ArticleModel.swift */ = {isa = PBXFileReference; lastKnownFileType = sourcecode.swift; path = ArticleModel.swift; sourceTree = "<group>"; };
		D6E9940A20EFB3BE00290B15 /* ArticlesAPI.swift */ = {isa = PBXFileReference; lastKnownFileType = sourcecode.swift; path = ArticlesAPI.swift; sourceTree = "<group>"; };
		D6E9940C20EFB40900290B15 /* ArticlesController.swift */ = {isa = PBXFileReference; lastKnownFileType = sourcecode.swift; path = ArticlesController.swift; sourceTree = "<group>"; };
/* End PBXFileReference section */

/* Begin PBXFrameworksBuildPhase section */
		D6E993DA20EFA89900290B15 /* Frameworks */ = {
			isa = PBXFrameworksBuildPhase;
			buildActionMask = 2147483647;
			files = (
			);
			runOnlyForDeploymentPostprocessing = 0;
		};
		D6E993F020EFA89B00290B15 /* Frameworks */ = {
			isa = PBXFrameworksBuildPhase;
			buildActionMask = 2147483647;
			files = (
			);
			runOnlyForDeploymentPostprocessing = 0;
		};
/* End PBXFrameworksBuildPhase section */

/* Begin PBXGroup section */
		D6E993D420EFA89900290B15 = {
			isa = PBXGroup;
			children = (
				D6E993DF20EFA89900290B15 /* RedditClient */,
				D6E993F620EFA89B00290B15 /* RedditClientTests */,
				D6E993DE20EFA89900290B15 /* Products */,
			);
			sourceTree = "<group>";
		};
		D6E993DE20EFA89900290B15 /* Products */ = {
			isa = PBXGroup;
			children = (
				D6E993DD20EFA89900290B15 /* RedditClient.app */,
				D6E993F320EFA89B00290B15 /* RedditClientTests.xctest */,
			);
			name = Products;
			sourceTree = "<group>";
		};
		D6E993DF20EFA89900290B15 /* RedditClient */ = {
			isa = PBXGroup;
			children = (
				D6E9940520EFA8C800290B15 /* Controllers */,
				D6E9940420EFA8C000290B15 /* Views */,
				D6E9940320EFA8BB00290B15 /* API */,
				D6E9940220EFA8B500290B15 /* Models */,
				D6E993E020EFA89900290B15 /* AppDelegate.swift */,
				D6E993E620EFA89A00290B15 /* Main.storyboard */,
				D6E993E920EFA89A00290B15 /* Assets.xcassets */,
				D6E993EB20EFA89A00290B15 /* LaunchScreen.storyboard */,
				D6E993EE20EFA89A00290B15 /* Info.plist */,
			);
			path = RedditClient;
			sourceTree = "<group>";
		};
		D6E993F620EFA89B00290B15 /* RedditClientTests */ = {
			isa = PBXGroup;
			children = (
				D6E993F720EFA89B00290B15 /* RedditClientTests.swift */,
				D6E993F920EFA89B00290B15 /* Info.plist */,
			);
			path = RedditClientTests;
			sourceTree = "<group>";
		};
		D6E9940220EFA8B500290B15 /* Models */ = {
			isa = PBXGroup;
			children = (
				D6E9940820EFB38700290B15 /* ArticleModel.swift */,
			);
			path = Models;
			sourceTree = "<group>";
		};
		D6E9940320EFA8BB00290B15 /* API */ = {
			isa = PBXGroup;
			children = (
				D6E9940A20EFB3BE00290B15 /* ArticlesAPI.swift */,
			);
			path = API;
			sourceTree = "<group>";
		};
		D6E9940420EFA8C000290B15 /* Views */ = {
			isa = PBXGroup;
			children = (
				D6E993E220EFA89900290B15 /* MasterViewController.swift */,
				D6E993E420EFA89900290B15 /* DetailViewController.swift */,
				D6E9940620EFAC0900290B15 /* ArticleTableViewCell.swift */,
			);
			path = Views;
			sourceTree = "<group>";
		};
		D6E9940520EFA8C800290B15 /* Controllers */ = {
			isa = PBXGroup;
			children = (
				D6E9940C20EFB40900290B15 /* ArticlesController.swift */,
			);
			path = Controllers;
			sourceTree = "<group>";
		};
/* End PBXGroup section */

/* Begin PBXNativeTarget section */
		D6E993DC20EFA89900290B15 /* RedditClient */ = {
			isa = PBXNativeTarget;
			buildConfigurationList = D6E993FC20EFA89B00290B15 /* Build configuration list for PBXNativeTarget "RedditClient" */;
			buildPhases = (
				D6E993D920EFA89900290B15 /* Sources */,
				D6E993DA20EFA89900290B15 /* Frameworks */,
				D6E993DB20EFA89900290B15 /* Resources */,
			);
			buildRules = (
			);
			dependencies = (
			);
			name = RedditClient;
			productName = RedditClient;
			productReference = D6E993DD20EFA89900290B15 /* RedditClient.app */;
			productType = "com.apple.product-type.application";
		};
		D6E993F220EFA89B00290B15 /* RedditClientTests */ = {
			isa = PBXNativeTarget;
			buildConfigurationList = D6E993FF20EFA89B00290B15 /* Build configuration list for PBXNativeTarget "RedditClientTests" */;
			buildPhases = (
				D6E993EF20EFA89B00290B15 /* Sources */,
				D6E993F020EFA89B00290B15 /* Frameworks */,
				D6E993F120EFA89B00290B15 /* Resources */,
			);
			buildRules = (
			);
			dependencies = (
				D6E993F520EFA89B00290B15 /* PBXTargetDependency */,
			);
			name = RedditClientTests;
			productName = RedditClientTests;
			productReference = D6E993F320EFA89B00290B15 /* RedditClientTests.xctest */;
			productType = "com.apple.product-type.bundle.unit-test";
		};
/* End PBXNativeTarget section */

/* Begin PBXProject section */
		D6E993D520EFA89900290B15 /* Project object */ = {
			isa = PBXProject;
			attributes = {
				LastSwiftUpdateCheck = 0940;
				LastUpgradeCheck = 0940;
				ORGANIZATIONNAME = "Santos Ramon";
				TargetAttributes = {
					D6E993DC20EFA89900290B15 = {
						CreatedOnToolsVersion = 9.4.1;
					};
					D6E993F220EFA89B00290B15 = {
						CreatedOnToolsVersion = 9.4.1;
						TestTargetID = D6E993DC20EFA89900290B15;
					};
				};
			};
			buildConfigurationList = D6E993D820EFA89900290B15 /* Build configuration list for PBXProject "RedditClient" */;
			compatibilityVersion = "Xcode 9.3";
			developmentRegion = en;
			hasScannedForEncodings = 0;
			knownRegions = (
				en,
				Base,
			);
			mainGroup = D6E993D420EFA89900290B15;
			productRefGroup = D6E993DE20EFA89900290B15 /* Products */;
			projectDirPath = "";
			projectRoot = "";
			targets = (
				D6E993DC20EFA89900290B15 /* RedditClient */,
				D6E993F220EFA89B00290B15 /* RedditClientTests */,
			);
		};
/* End PBXProject section */

/* Begin PBXResourcesBuildPhase section */
		D6E993DB20EFA89900290B15 /* Resources */ = {
			isa = PBXResourcesBuildPhase;
			buildActionMask = 2147483647;
			files = (
				D6E993ED20EFA89A00290B15 /* LaunchScreen.storyboard in Resources */,
				D6E993EA20EFA89A00290B15 /* Assets.xcassets in Resources */,
				D6E993E820EFA89A00290B15 /* Main.storyboard in Resources */,
			);
			runOnlyForDeploymentPostprocessing = 0;
		};
		D6E993F120EFA89B00290B15 /* Resources */ = {
			isa = PBXResourcesBuildPhase;
			buildActionMask = 2147483647;
			files = (
			);
			runOnlyForDeploymentPostprocessing = 0;
		};
/* End PBXResourcesBuildPhase section */

/* Begin PBXSourcesBuildPhase section */
		D6E993D920EFA89900290B15 /* Sources */ = {
			isa = PBXSourcesBuildPhase;
			buildActionMask = 2147483647;
			files = (
				D6E9940720EFAC0900290B15 /* ArticleTableViewCell.swift in Sources */,
				D6E9940920EFB38700290B15 /* ArticleModel.swift in Sources */,
				D6E9940D20EFB40900290B15 /* ArticlesController.swift in Sources */,
				D6E993E520EFA89A00290B15 /* DetailViewController.swift in Sources */,
				D6E993E320EFA89900290B15 /* MasterViewController.swift in Sources */,
				D6E993E120EFA89900290B15 /* AppDelegate.swift in Sources */,
				D6E9940B20EFB3BE00290B15 /* ArticlesAPI.swift in Sources */,
			);
			runOnlyForDeploymentPostprocessing = 0;
		};
		D6E993EF20EFA89B00290B15 /* Sources */ = {
			isa = PBXSourcesBuildPhase;
			buildActionMask = 2147483647;
			files = (
				D6E993F820EFA89B00290B15 /* RedditClientTests.swift in Sources */,
			);
			runOnlyForDeploymentPostprocessing = 0;
		};
/* End PBXSourcesBuildPhase section */

/* Begin PBXTargetDependency section */
		D6E993F520EFA89B00290B15 /* PBXTargetDependency */ = {
			isa = PBXTargetDependency;
			target = D6E993DC20EFA89900290B15 /* RedditClient */;
			targetProxy = D6E993F420EFA89B00290B15 /* PBXContainerItemProxy */;
		};
/* End PBXTargetDependency section */

/* Begin PBXVariantGroup section */
		D6E993E620EFA89A00290B15 /* Main.storyboard */ = {
			isa = PBXVariantGroup;
			children = (
				D6E993E720EFA89A00290B15 /* Base */,
			);
			name = Main.storyboard;
			sourceTree = "<group>";
		};
		D6E993EB20EFA89A00290B15 /* LaunchScreen.storyboard */ = {
			isa = PBXVariantGroup;
			children = (
				D6E993EC20EFA89A00290B15 /* Base */,
			);
			name = LaunchScreen.storyboard;
			sourceTree = "<group>";
		};
/* End PBXVariantGroup section */

/* Begin XCBuildConfiguration section */
		D6E993FA20EFA89B00290B15 /* Debug */ = {
			isa = XCBuildConfiguration;
			buildSettings = {
				ALWAYS_SEARCH_USER_PATHS = NO;
				CLANG_ANALYZER_NONNULL = YES;
				CLANG_ANALYZER_NUMBER_OBJECT_CONVERSION = YES_AGGRESSIVE;
				CLANG_CXX_LANGUAGE_STANDARD = "gnu++14";
				CLANG_CXX_LIBRARY = "libc++";
				CLANG_ENABLE_MODULES = YES;
				CLANG_ENABLE_OBJC_ARC = YES;
				CLANG_ENABLE_OBJC_WEAK = YES;
				CLANG_WARN_BLOCK_CAPTURE_AUTORELEASING = YES;
				CLANG_WARN_BOOL_CONVERSION = YES;
				CLANG_WARN_COMMA = YES;
				CLANG_WARN_CONSTANT_CONVERSION = YES;
				CLANG_WARN_DEPRECATED_OBJC_IMPLEMENTATIONS = YES;
				CLANG_WARN_DIRECT_OBJC_ISA_USAGE = YES_ERROR;
				CLANG_WARN_DOCUMENTATION_COMMENTS = YES;
				CLANG_WARN_EMPTY_BODY = YES;
				CLANG_WARN_ENUM_CONVERSION = YES;
				CLANG_WARN_INFINITE_RECURSION = YES;
				CLANG_WARN_INT_CONVERSION = YES;
				CLANG_WARN_NON_LITERAL_NULL_CONVERSION = YES;
				CLANG_WARN_OBJC_IMPLICIT_RETAIN_SELF = YES;
				CLANG_WARN_OBJC_LITERAL_CONVERSION = YES;
				CLANG_WARN_OBJC_ROOT_CLASS = YES_ERROR;
				CLANG_WARN_RANGE_LOOP_ANALYSIS = YES;
				CLANG_WARN_STRICT_PROTOTYPES = YES;
				CLANG_WARN_SUSPICIOUS_MOVE = YES;
				CLANG_WARN_UNGUARDED_AVAILABILITY = YES_AGGRESSIVE;
				CLANG_WARN_UNREACHABLE_CODE = YES;
				CLANG_WARN__DUPLICATE_METHOD_MATCH = YES;
				CODE_SIGN_IDENTITY = "iPhone Developer";
				COPY_PHASE_STRIP = NO;
				DEBUG_INFORMATION_FORMAT = dwarf;
				ENABLE_STRICT_OBJC_MSGSEND = YES;
				ENABLE_TESTABILITY = YES;
				GCC_C_LANGUAGE_STANDARD = gnu11;
				GCC_DYNAMIC_NO_PIC = NO;
				GCC_NO_COMMON_BLOCKS = YES;
				GCC_OPTIMIZATION_LEVEL = 0;
				GCC_PREPROCESSOR_DEFINITIONS = (
					"DEBUG=1",
					"$(inherited)",
				);
				GCC_WARN_64_TO_32_BIT_CONVERSION = YES;
				GCC_WARN_ABOUT_RETURN_TYPE = YES_ERROR;
				GCC_WARN_UNDECLARED_SELECTOR = YES;
				GCC_WARN_UNINITIALIZED_AUTOS = YES_AGGRESSIVE;
				GCC_WARN_UNUSED_FUNCTION = YES;
				GCC_WARN_UNUSED_VARIABLE = YES;
				IPHONEOS_DEPLOYMENT_TARGET = 11.4;
				MTL_ENABLE_DEBUG_INFO = YES;
				ONLY_ACTIVE_ARCH = YES;
				SDKROOT = iphoneos;
				SWIFT_ACTIVE_COMPILATION_CONDITIONS = DEBUG;
				SWIFT_OPTIMIZATION_LEVEL = "-Onone";
			};
			name = Debug;
		};
		D6E993FB20EFA89B00290B15 /* Release */ = {
			isa = XCBuildConfiguration;
			buildSettings = {
				ALWAYS_SEARCH_USER_PATHS = NO;
				CLANG_ANALYZER_NONNULL = YES;
				CLANG_ANALYZER_NUMBER_OBJECT_CONVERSION = YES_AGGRESSIVE;
				CLANG_CXX_LANGUAGE_STANDARD = "gnu++14";
				CLANG_CXX_LIBRARY = "libc++";
				CLANG_ENABLE_MODULES = YES;
				CLANG_ENABLE_OBJC_ARC = YES;
				CLANG_ENABLE_OBJC_WEAK = YES;
				CLANG_WARN_BLOCK_CAPTURE_AUTORELEASING = YES;
				CLANG_WARN_BOOL_CONVERSION = YES;
				CLANG_WARN_COMMA = YES;
				CLANG_WARN_CONSTANT_CONVERSION = YES;
				CLANG_WARN_DEPRECATED_OBJC_IMPLEMENTATIONS = YES;
				CLANG_WARN_DIRECT_OBJC_ISA_USAGE = YES_ERROR;
				CLANG_WARN_DOCUMENTATION_COMMENTS = YES;
				CLANG_WARN_EMPTY_BODY = YES;
				CLANG_WARN_ENUM_CONVERSION = YES;
				CLANG_WARN_INFINITE_RECURSION = YES;
				CLANG_WARN_INT_CONVERSION = YES;
				CLANG_WARN_NON_LITERAL_NULL_CONVERSION = YES;
				CLANG_WARN_OBJC_IMPLICIT_RETAIN_SELF = YES;
				CLANG_WARN_OBJC_LITERAL_CONVERSION = YES;
				CLANG_WARN_OBJC_ROOT_CLASS = YES_ERROR;
				CLANG_WARN_RANGE_LOOP_ANALYSIS = YES;
				CLANG_WARN_STRICT_PROTOTYPES = YES;
				CLANG_WARN_SUSPICIOUS_MOVE = YES;
				CLANG_WARN_UNGUARDED_AVAILABILITY = YES_AGGRESSIVE;
				CLANG_WARN_UNREACHABLE_CODE = YES;
				CLANG_WARN__DUPLICATE_METHOD_MATCH = YES;
				CODE_SIGN_IDENTITY = "iPhone Developer";
				COPY_PHASE_STRIP = NO;
				DEBUG_INFORMATION_FORMAT = "dwarf-with-dsym";
				ENABLE_NS_ASSERTIONS = NO;
				ENABLE_STRICT_OBJC_MSGSEND = YES;
				GCC_C_LANGUAGE_STANDARD = gnu11;
				GCC_NO_COMMON_BLOCKS = YES;
				GCC_WARN_64_TO_32_BIT_CONVERSION = YES;
				GCC_WARN_ABOUT_RETURN_TYPE = YES_ERROR;
				GCC_WARN_UNDECLARED_SELECTOR = YES;
				GCC_WARN_UNINITIALIZED_AUTOS = YES_AGGRESSIVE;
				GCC_WARN_UNUSED_FUNCTION = YES;
				GCC_WARN_UNUSED_VARIABLE = YES;
				IPHONEOS_DEPLOYMENT_TARGET = 11.4;
				MTL_ENABLE_DEBUG_INFO = NO;
				SDKROOT = iphoneos;
				SWIFT_COMPILATION_MODE = wholemodule;
				SWIFT_OPTIMIZATION_LEVEL = "-O";
				VALIDATE_PRODUCT = YES;
			};
			name = Release;
		};
		D6E993FD20EFA89B00290B15 /* Debug */ = {
			isa = XCBuildConfiguration;
			buildSettings = {
				ASSETCATALOG_COMPILER_APPICON_NAME = AppIcon;
				CODE_SIGN_STYLE = Automatic;
				INFOPLIST_FILE = RedditClient/Info.plist;
				LD_RUNPATH_SEARCH_PATHS = (
					"$(inherited)",
					"@executable_path/Frameworks",
				);
				PRODUCT_BUNDLE_IDENTIFIER = com.santosramon.RedditClient;
				PRODUCT_NAME = "$(TARGET_NAME)";
				SWIFT_VERSION = 4.0;
				TARGETED_DEVICE_FAMILY = "1,2";
			};
			name = Debug;
		};
		D6E993FE20EFA89B00290B15 /* Release */ = {
			isa = XCBuildConfiguration;
			buildSettings = {
				ASSETCATALOG_COMPILER_APPICON_NAME = AppIcon;
				CODE_SIGN_STYLE = Automatic;
				INFOPLIST_FILE = RedditClient/Info.plist;
				LD_RUNPATH_SEARCH_PATHS = (
					"$(inherited)",
					"@executable_path/Frameworks",
				);
				PRODUCT_BUNDLE_IDENTIFIER = com.santosramon.RedditClient;
				PRODUCT_NAME = "$(TARGET_NAME)";
				SWIFT_VERSION = 4.0;
				TARGETED_DEVICE_FAMILY = "1,2";
			};
			name = Release;
		};
		D6E9940020EFA89B00290B15 /* Debug */ = {
			isa = XCBuildConfiguration;
			buildSettings = {
				ALWAYS_EMBED_SWIFT_STANDARD_LIBRARIES = YES;
				BUNDLE_LOADER = "$(TEST_HOST)";
				CODE_SIGN_STYLE = Automatic;
				INFOPLIST_FILE = RedditClientTests/Info.plist;
				LD_RUNPATH_SEARCH_PATHS = (
					"$(inherited)",
					"@executable_path/Frameworks",
					"@loader_path/Frameworks",
				);
				PRODUCT_BUNDLE_IDENTIFIER = com.santosramon.RedditClientTests;
				PRODUCT_NAME = "$(TARGET_NAME)";
				SWIFT_VERSION = 4.0;
				TARGETED_DEVICE_FAMILY = "1,2";
				TEST_HOST = "$(BUILT_PRODUCTS_DIR)/RedditClient.app/RedditClient";
			};
			name = Debug;
		};
		D6E9940120EFA89B00290B15 /* Release */ = {
			isa = XCBuildConfiguration;
			buildSettings = {
				ALWAYS_EMBED_SWIFT_STANDARD_LIBRARIES = YES;
				BUNDLE_LOADER = "$(TEST_HOST)";
				CODE_SIGN_STYLE = Automatic;
				INFOPLIST_FILE = RedditClientTests/Info.plist;
				LD_RUNPATH_SEARCH_PATHS = (
					"$(inherited)",
					"@executable_path/Frameworks",
					"@loader_path/Frameworks",
				);
				PRODUCT_BUNDLE_IDENTIFIER = com.santosramon.RedditClientTests;
				PRODUCT_NAME = "$(TARGET_NAME)";
				SWIFT_VERSION = 4.0;
				TARGETED_DEVICE_FAMILY = "1,2";
				TEST_HOST = "$(BUILT_PRODUCTS_DIR)/RedditClient.app/RedditClient";
			};
			name = Release;
		};
/* End XCBuildConfiguration section */

/* Begin XCConfigurationList section */
		D6E993D820EFA89900290B15 /* Build configuration list for PBXProject "RedditClient" */ = {
			isa = XCConfigurationList;
			buildConfigurations = (
				D6E993FA20EFA89B00290B15 /* Debug */,
				D6E993FB20EFA89B00290B15 /* Release */,
			);
			defaultConfigurationIsVisible = 0;
			defaultConfigurationName = Release;
		};
		D6E993FC20EFA89B00290B15 /* Build configuration list for PBXNativeTarget "RedditClient" */ = {
			isa = XCConfigurationList;
			buildConfigurations = (
				D6E993FD20EFA89B00290B15 /* Debug */,
				D6E993FE20EFA89B00290B15 /* Release */,
			);
			defaultConfigurationIsVisible = 0;
			defaultConfigurationName = Release;
		};
		D6E993FF20EFA89B00290B15 /* Build configuration list for PBXNativeTarget "RedditClientTests" */ = {
			isa = XCConfigurationList;
			buildConfigurations = (
				D6E9940020EFA89B00290B15 /* Debug */,
				D6E9940120EFA89B00290B15 /* Release */,
			);
			defaultConfigurationIsVisible = 0;
			defaultConfigurationName = Release;
		};
/* End XCConfigurationList section */
	};
	rootObject = D6E993D520EFA89900290B15 /* Project object */;
}
